PODS:
  - CircleMenu (2.0.1)
  - EVContactsPicker (0.5.1)
  - JTAppleCalendar (6.0.1)
  - MBProgressHUD (0.9.2)

DEPENDENCIES:
  - CircleMenu (~> 2.0.1)
  - EVContactsPicker
  - JTAppleCalendar (~> 6.0)
  - MBProgressHUD (~> 0.9.0)

SPEC CHECKSUMS:
  CircleMenu: a964e8b03aae58c84b40d5cf64630b62bef077eb
  EVContactsPicker: ef3a5920a76c851dbbb22c8c0606e5e01f0e7123
  JTAppleCalendar: 7793cd7284a495ed72b0cad225c1be835eefa018
  MBProgressHUD: 1569cf7ace17a8bac47aabfbb8580a49690386d1

PODFILE CHECKSUM: 9bfc3a61bc33889d095136d46db5463f879d98be

COCOAPODS: 1.1.1
